
Microsoft Visual Studio Solution File, Format Version 12.00
# Visual Studio Version 16
VisualStudioVersion = 16.0.31129.286
MinimumVisualStudioVersion = 10.0.40219.1
Project("{FAE04EC0-301F-11D3-BF4B-00C04F79EFBC}") = "Mstest_Desktop", "Mstest_Desktop.csproj", "{C4122B35-1F01-4B0B-AD2E-7F763345ECD2}"
EndProject
Project("{FAE04EC0-301F-11D3-BF4B-00C04F79EFBC}") = "Mstest_Desktop2", "Mstest_Desktop2\Mstest_Desktop2.csproj", "{A50A5677-6E85-4B07-B457-68563EEDBE01}"
EndProject
Global
	GlobalSection(SolutionConfigurationPlatforms) = preSolution
		Debug|Any CPU = Debug|Any CPU
		Release|Any CPU = Release|Any CPU
	EndGlobalSection
	GlobalSection(ProjectConfigurationPlatforms) = postSolution
		{C4122B35-1F01-4B0B-AD2E-7F763345ECD2}.Debug|Any CPU.ActiveCfg = Debug|Any CPU
		{C4122B35-1F01-4B0B-AD2E-7F763345ECD2}.Debug|Any CPU.Build.0 = Debug|Any CPU
		{C4122B35-1F01-4B0B-AD2E-7F763345ECD2}.Release|Any CPU.ActiveCfg = Release|Any CPU
		{C4122B35-1F01-4B0B-AD2E-7F763345ECD2}.Release|Any CPU.Build.0 = Release|Any CPU
		{A50A5677-6E85-4B07-B457-68563EEDBE01}.Debug|Any CPU.ActiveCfg = Debug|Any CPU
		{A50A5677-6E85-4B07-B457-68563EEDBE01}.Debug|Any CPU.Build.0 = Debug|Any CPU
		{A50A5677-6E85-4B07-B457-68563EEDBE01}.Release|Any CPU.ActiveCfg = Release|Any CPU
		{A50A5677-6E85-4B07-B457-68563EEDBE01}.Release|Any CPU.Build.0 = Release|Any CPU
	EndGlobalSection
	GlobalSection(SolutionProperties) = preSolution
		HideSolutionNode = FALSE
	EndGlobalSection
	GlobalSection(ExtensibilityGlobals) = postSolution
		SolutionGuid = {126455CC-B31E-4F41-83AE-0818EB2F6D9A}
	EndGlobalSection
EndGlobal
